
Microsoft Visual Studio Solution File, Format Version 12.00
# Visual Studio Version 17
VisualStudioVersion = 17.5.33414.496
MinimumVisualStudioVersion = 10.0.40219.1
Project("{FAE04EC0-301F-11D3-BF4B-00C04F79EFBC}") = "CaptchaOCR", "CaptchaOCR\CaptchaOCR.csproj", "{AC5D87BE-8E4E-4764-BFE9-2713DBBB3163}"
EndProject
Global
	GlobalSection(SolutionConfigurationPlatforms) = preSolution
		Debug|Any CPU = Debug|Any CPU
		Release|Any CPU = Release|Any CPU
	EndGlobalSection
	GlobalSection(ProjectConfigurationPlatforms) = postSolution
		{AC5D87BE-8E4E-4764-BFE9-2713DBBB3163}.Debug|Any CPU.ActiveCfg = Debug|Any CPU
		{AC5D87BE-8E4E-4764-BFE9-2713DBBB3163}.Debug|Any CPU.Build.0 = Debug|Any CPU
		{AC5D87BE-8E4E-4764-BFE9-2713DBBB3163}.Release|Any CPU.ActiveCfg = Release|Any CPU
		{AC5D87BE-8E4E-4764-BFE9-2713DBBB3163}.Release|Any CPU.Build.0 = Release|Any CPU
	EndGlobalSection
	GlobalSection(SolutionProperties) = preSolution
		HideSolutionNode = FALSE
	EndGlobalSection
	GlobalSection(ExtensibilityGlobals) = postSolution
		SolutionGuid = {7C5ABBD8-935A-4EE8-AF61-847DFC12682A}
	EndGlobalSection
EndGlobal
